{
	"requires": true,
	"lockfileVersion": 1,
	"dependencies": {
		"async": {
			"version": "2.5.0",
			"resolved": "https://registry.npmjs.org/async/-/async-2.5.0.tgz",
			"integrity": "sha512-e+lJAJeNWuPCNyxZKOBdaJGyLGHugXVQtrAwtuAe2vhxTYxFTKE73p8JuTmdH0qdQZtDvI4dhJwjZc5zsfIsYw==",
			"requires": {
				"lodash": "4.17.4"
			}
		},
		"big.js": {
			"version": "3.2.0",
			"resolved": "https://registry.npmjs.org/big.js/-/big.js-3.2.0.tgz",
			"integrity": "sha512-+hN/Zh2D08Mx65pZ/4g5bsmNiZUuChDiQfTUQ7qJr4/kuopCr88xZsAXv6mBoZEsUI4OuGHlX59qE94K2mMW8Q=="
		},
		"cache-loader": {
			"version": "1.1.0",
			"resolved": "https://registry.npmjs.org/cache-loader/-/cache-loader-1.1.0.tgz",
			"integrity": "sha512-3shBzq11ESBqD8sTBrn0+yDZsVwpnBfy1EdDZdn2faWKRxOcwa0sDo5fmtv7H9NUUZsmzyl5z/BfWv9JJuYXcw==",
			"requires": {
				"async": "2.5.0",
				"loader-utils": "1.1.0",
				"mkdirp": "0.5.1"
			}
		},
		"emojis-list": {
			"version": "2.1.0",
			"resolved": "https://registry.npmjs.org/emojis-list/-/emojis-list-2.1.0.tgz",
			"integrity": "sha1-TapNnbAPmBmIDHn6RXrlsJof04k="
		},
		"happypack": {
			"version": "4.0.0",
			"resolved": "https://registry.npmjs.org/happypack/-/happypack-4.0.0.tgz",
			"integrity": "sha1-3hdw1HLasz4/MXgqPttOd8xlhjE=",
			"requires": {
				"async": "1.5.0",
				"json-stringify-safe": "5.0.1",
				"loader-utils": "1.1.0",
				"serialize-error": "2.1.0"
			},
			"dependencies": {
				"async": {
					"version": "1.5.0",
					"resolved": "https://registry.npmjs.org/async/-/async-1.5.0.tgz",
					"integrity": "sha1-J5ZkJyNXOFlWVjP8YnRES+4vjOM="
				}
			}
		},
		"json-stringify-safe": {
			"version": "5.0.1",
			"resolved": "https://registry.npmjs.org/json-stringify-safe/-/json-stringify-safe-5.0.1.tgz",
			"integrity": "sha1-Epai1Y/UXxmg9s4B1lcB4sc1tus="
		},
		"json5": {
			"version": "0.5.1",
			"resolved": "https://registry.npmjs.org/json5/-/json5-0.5.1.tgz",
			"integrity": "sha1-Hq3nrMASA0rYTiOWdn6tn6VJWCE="
		},
		"loader-utils": {
			"version": "1.1.0",
			"resolved": "https://registry.npmjs.org/loader-utils/-/loader-utils-1.1.0.tgz",
			"integrity": "sha1-yYrvSIvM7aL/teLeZG1qdUQp9c0=",
			"requires": {
				"big.js": "3.2.0",
				"emojis-list": "2.1.0",
				"json5": "0.5.1"
			}
		},
		"lodash": {
			"version": "4.17.4",
			"resolved": "https://registry.npmjs.org/lodash/-/lodash-4.17.4.tgz",
			"integrity": "sha1-eCA6TRwyiuHYbcpkYONptX9AVa4="
		},
		"minimist": {
			"version": "0.0.8",
			"resolved": "https://registry.npmjs.org/minimist/-/minimist-0.0.8.tgz",
			"integrity": "sha1-hX/Kv8M5fSYluCKCYuhqp6ARsF0="
		},
		"mkdirp": {
			"version": "0.5.1",
			"resolved": "https://registry.npmjs.org/mkdirp/-/mkdirp-0.5.1.tgz",
			"integrity": "sha1-MAV0OOrGz3+MR2fzhkjWaX11yQM=",
			"requires": {
				"minimist": "0.0.8"
			}
		},
		"serialize-error": {
			"version": "2.1.0",
			"resolved": "https://registry.npmjs.org/serialize-error/-/serialize-error-2.1.0.tgz",
			"integrity": "sha1-ULZ51WNc34Rme9yOWa9OW4HV9go="
		}
	}
}
